
Microsoft Visual Studio Solution File, Format Version 12.00
# Visual Studio Version 17
VisualStudioVersion = 17.5.002.0
MinimumVisualStudioVersion = 10.0.40219.1
Project("{9A19103F-16F7-4668-BE54-9A1E7A4F7556}") = "MODULOAPI", "MODULOAPI.csproj", "{DC5DD4CB-69AA-4F28-A4DC-240804BD6A02}"
EndProject
Global
	GlobalSection(SolutionConfigurationPlatforms) = preSolution
		Debug|Any CPU = Debug|Any CPU
		Release|Any CPU = Release|Any CPU
	EndGlobalSection
	GlobalSection(ProjectConfigurationPlatforms) = postSolution
		{DC5DD4CB-69AA-4F28-A4DC-240804BD6A02}.Debug|Any CPU.ActiveCfg = Debug|Any CPU
		{DC5DD4CB-69AA-4F28-A4DC-240804BD6A02}.Debug|Any CPU.Build.0 = Debug|Any CPU
		{DC5DD4CB-69AA-4F28-A4DC-240804BD6A02}.Release|Any CPU.ActiveCfg = Release|Any CPU
		{DC5DD4CB-69AA-4F28-A4DC-240804BD6A02}.Release|Any CPU.Build.0 = Release|Any CPU
	EndGlobalSection
	GlobalSection(SolutionProperties) = preSolution
		HideSolutionNode = FALSE
	EndGlobalSection
	GlobalSection(ExtensibilityGlobals) = postSolution
		SolutionGuid = {CE1A92A6-6BDB-4FE6-A9AC-EA261C5A67E0}
	EndGlobalSection
EndGlobal
